
Microsoft Visual Studio Solution File, Format Version 12.00
# Visual Studio Version 16
VisualStudioVersion = 16.0.30011.22
MinimumVisualStudioVersion = 10.0.40219.1
Project("{9A19103F-16F7-4668-BE54-9A1E7A4F7556}") = "ClinicalDiagnosticApp", "ClinicalDiagnosticApp.csproj", "{2DDDBF26-5D9E-4DD4-A96C-6949C7ECA51A}"
EndProject
Project("{00D1A9C2-B5F0-4AF3-8072-F6C62B433612}") = "MillerHealthDB", "..\MillerHealthDB\MillerHealthDB.sqlproj", "{3C31606B-3B68-4399-A7CD-D130829CF10F}"
EndProject
Global
	GlobalSection(SolutionConfigurationPlatforms) = preSolution
		Debug|Any CPU = Debug|Any CPU
		Release|Any CPU = Release|Any CPU
	EndGlobalSection
	GlobalSection(ProjectConfigurationPlatforms) = postSolution
		{2DDDBF26-5D9E-4DD4-A96C-6949C7ECA51A}.Debug|Any CPU.ActiveCfg = Debug|Any CPU
		{2DDDBF26-5D9E-4DD4-A96C-6949C7ECA51A}.Debug|Any CPU.Build.0 = Debug|Any CPU
		{2DDDBF26-5D9E-4DD4-A96C-6949C7ECA51A}.Release|Any CPU.ActiveCfg = Release|Any CPU
		{2DDDBF26-5D9E-4DD4-A96C-6949C7ECA51A}.Release|Any CPU.Build.0 = Release|Any CPU
		{3C31606B-3B68-4399-A7CD-D130829CF10F}.Debug|Any CPU.ActiveCfg = Debug|Any CPU
		{3C31606B-3B68-4399-A7CD-D130829CF10F}.Debug|Any CPU.Build.0 = Debug|Any CPU
		{3C31606B-3B68-4399-A7CD-D130829CF10F}.Debug|Any CPU.Deploy.0 = Debug|Any CPU
		{3C31606B-3B68-4399-A7CD-D130829CF10F}.Release|Any CPU.ActiveCfg = Release|Any CPU
		{3C31606B-3B68-4399-A7CD-D130829CF10F}.Release|Any CPU.Build.0 = Release|Any CPU
		{3C31606B-3B68-4399-A7CD-D130829CF10F}.Release|Any CPU.Deploy.0 = Release|Any CPU
	EndGlobalSection
	GlobalSection(SolutionProperties) = preSolution
		HideSolutionNode = FALSE
	EndGlobalSection
	GlobalSection(ExtensibilityGlobals) = postSolution
		SolutionGuid = {594E7493-C628-4ACB-85A3-78F074D5243D}
	EndGlobalSection
EndGlobal
